
Microsoft Visual Studio Solution File, Format Version 12.00
# Visual Studio Version 17
VisualStudioVersion = 17.11.35303.130
MinimumVisualStudioVersion = 10.0.40219.1
Project("{2150E333-8FDC-42A3-9474-1A3956D46DE8}") = "Task0", "Task0", "{7AD38BFC-48AA-4CE1-B1D2-EFA6434FB491}"
EndProject
Project("{9A19103F-16F7-4668-BE54-9A1E7A4F7556}") = "Tyuiu.LavrinovichED.Sprint3.Task0.V30", "Tyuiu.LavrinovichED.Sprint3.Task0.V30\Tyuiu.LavrinovichED.Sprint3.Task0.V30.csproj", "{1B577C7F-339F-4ADE-BBFC-8348C1AECADA}"
EndProject
Project("{9A19103F-16F7-4668-BE54-9A1E7A4F7556}") = "Tyuiu.LavrinovichED.Sprint3.Task0.V30.Lib", "Tyuiu.LavrinovichED.Sprint3.Task0.V30.Lib\Tyuiu.LavrinovichED.Sprint3.Task0.V30.Lib.csproj", "{1E11B443-15AA-4E36-B0EA-9D8AAE03FA23}"
EndProject
Project("{9A19103F-16F7-4668-BE54-9A1E7A4F7556}") = "Tyuiu.LavrinovichED.Sprint3.Task0.V30.Test", "Tyuiu.LavrinovichED.Sprint3.Task0.V30.Test\Tyuiu.LavrinovichED.Sprint3.Task0.V30.Test.csproj", "{DA062073-D674-482D-A000-7AE3BDB8F466}"
EndProject
Project("{2150E333-8FDC-42A3-9474-1A3956D46DE8}") = "Task1", "Task1", "{12059217-E0EF-4498-B2E6-8E2C7569207A}"
EndProject
Project("{9A19103F-16F7-4668-BE54-9A1E7A4F7556}") = "Tyuiu.LavrinovichED.Sprint3.Task1.V18", "Tyuiu.LavrinovichED.Sprint3.Task1.V18\Tyuiu.LavrinovichED.Sprint3.Task1.V18.csproj", "{7147FB79-6C1E-49D1-965E-4EAF8303FCC0}"
EndProject
Project("{9A19103F-16F7-4668-BE54-9A1E7A4F7556}") = "Tyuiu.LavrinovichED.Sprint3.Task1.V18.Lib", "Tyuiu.LavrinovichED.Sprint3.Task1.V18.Lib\Tyuiu.LavrinovichED.Sprint3.Task1.V18.Lib.csproj", "{519ED4AE-86DD-444F-9540-3D0DF7C25997}"
EndProject
Project("{9A19103F-16F7-4668-BE54-9A1E7A4F7556}") = "Tyuiu.LavrinovichED.Sprint3.Task1.V18.Test", "Tyuiu.LavrinovichED.Sprint3.Task1.V18.Test\Tyuiu.LavrinovichED.Sprint3.Task1.V18.Test.csproj", "{46F75806-0D86-4440-9527-98FF63997314}"
EndProject
Project("{2150E333-8FDC-42A3-9474-1A3956D46DE8}") = "Task2", "Task2", "{BF99DC68-1FEE-4EF1-9CF2-AD2756112FDA}"
EndProject
Project("{9A19103F-16F7-4668-BE54-9A1E7A4F7556}") = "Tyuiu.LavrinovichED.Sprint3.Task2.V3", "Tyuiu.LavrinovichED.Sprint3.Task2.V3\Tyuiu.LavrinovichED.Sprint3.Task2.V3.csproj", "{4C851703-7888-4ED0-9D31-AC63C82C7244}"
EndProject
Project("{9A19103F-16F7-4668-BE54-9A1E7A4F7556}") = "Tyuiu.LavrinovichED.Sprint3.Task2.V3.Lib", "Tyuiu.LavrinovichED.Sprint3.Task2.V3.Lib\Tyuiu.LavrinovichED.Sprint3.Task2.V3.Lib.csproj", "{4B16AD3A-4FA3-476F-B507-DE448C8DB1FF}"
EndProject
Project("{9A19103F-16F7-4668-BE54-9A1E7A4F7556}") = "Tyuiu.LavrinovichED.Sprint3.Task2.V3.Test", "Tyuiu.LavrinovichED.Sprint3.Task2.V3.Test\Tyuiu.LavrinovichED.Sprint3.Task2.V3.Test.csproj", "{0CF525BB-AAE6-4324-A211-9B3FF5EAD361}"
EndProject
Project("{2150E333-8FDC-42A3-9474-1A3956D46DE8}") = "Task3", "Task3", "{76B7919D-75F1-4F99-8375-F91AF2E5DCB1}"
EndProject
Project("{9A19103F-16F7-4668-BE54-9A1E7A4F7556}") = "Tyuiu.LavrinovichED.Sprint3.Task3.V13", "Tyuiu.LavrinovichED.Sprint3.Task3.V13\Tyuiu.LavrinovichED.Sprint3.Task3.V13.csproj", "{5D916D69-20B0-4EFF-8ED5-B591577786AE}"
EndProject
Project("{9A19103F-16F7-4668-BE54-9A1E7A4F7556}") = "Tyuiu.LavrinovichED.Sprint3.Task3.V13.Lib", "Tyuiu.LavrinovichED.Sprint3.Task3.V13.Lib\Tyuiu.LavrinovichED.Sprint3.Task3.V13.Lib.csproj", "{DB79737D-24B7-4536-84C2-0CB2715A8A26}"
EndProject
Project("{9A19103F-16F7-4668-BE54-9A1E7A4F7556}") = "Tyuiu.LavrinovichED.Sprint3.Task3.V13.Test", "Tyuiu.LavrinovichEd.Sprint3.Task3.V13.Test\Tyuiu.LavrinovichED.Sprint3.Task3.V13.Test.csproj", "{F6CEEABB-9985-4AC3-8C23-3FBBFA6697A2}"
EndProject
Project("{2150E333-8FDC-42A3-9474-1A3956D46DE8}") = "Task4", "Task4", "{EA6E3A84-2988-4B84-9DD3-3F428B879A99}"
EndProject
Project("{9A19103F-16F7-4668-BE54-9A1E7A4F7556}") = "Tyuiu.LavrinovichED.Sprint3.Task4.V17", "Tyuiu.LavrinovichED.Sprint3.Task4.V17\Tyuiu.LavrinovichED.Sprint3.Task4.V17.csproj", "{C787BCF4-2C70-41D8-B718-9500C8BB43B3}"
EndProject
Project("{9A19103F-16F7-4668-BE54-9A1E7A4F7556}") = "Tyuiu.LavrinovichED.Sprint3.Task4.V17.Lib", "Tyuiu.LavrinovichED.Sprint3.Task4.V17.Lib\Tyuiu.LavrinovichED.Sprint3.Task4.V17.Lib.csproj", "{49D6ADC6-F1C0-41C9-BCF4-CD43439AD52D}"
EndProject
Project("{9A19103F-16F7-4668-BE54-9A1E7A4F7556}") = "Tyuiu.LavrinovichED.Sprint3.Task4.V17.Test", "Tyuiu.LavrinovichED.Sprint3.Task4.V17.Test\Tyuiu.LavrinovichED.Sprint3.Task4.V17.Test.csproj", "{FF631889-7649-4D26-8C76-495D1FB586B6}"
EndProject
Project("{2150E333-8FDC-42A3-9474-1A3956D46DE8}") = "Task5", "Task5", "{E4EB93B7-4A84-4EF5-A2C9-AABCD6CA6022}"
EndProject
Project("{9A19103F-16F7-4668-BE54-9A1E7A4F7556}") = "Tyuiu.LavrinovichED.Sprint3.Task5.V20", "Tyuiu.LavrinovichED.Sprint3.Task5.V20\Tyuiu.LavrinovichED.Sprint3.Task5.V20.csproj", "{1ABF5D31-C3D0-44D6-B657-917E00BF75A6}"
EndProject
Project("{9A19103F-16F7-4668-BE54-9A1E7A4F7556}") = "Tyuiu.LavrinovichED.Sprint3.Task5.V20.Lib", "Tyuiu.LavrinovichED.Sprint3.Task5.V20.Lib\Tyuiu.LavrinovichED.Sprint3.Task5.V20.Lib.csproj", "{82CC264D-9D49-47F2-B567-299C53281B3B}"
EndProject
Project("{9A19103F-16F7-4668-BE54-9A1E7A4F7556}") = "Tyuiu.LavrinovichED.Sprint3.Task5.V20.Test", "Tyuiu.LavrinovichED.Sprint3.Task5.V20.Test\Tyuiu.LavrinovichED.Sprint3.Task5.V20.Test.csproj", "{87CA8504-FC42-429F-AF16-2ECD4C326989}"
EndProject
Project("{2150E333-8FDC-42A3-9474-1A3956D46DE8}") = "Task6", "Task6", "{5B9550B2-3EA4-4BB2-B350-0233984CCCB0}"
EndProject
Project("{FAE04EC0-301F-11D3-BF4B-00C04F79EFBC}") = "Tyuiu.LavrinovichED.Sprint3.Task6.V14", "Tyuiu.LavrinovichED.Sprint3.Task6.V14\Tyuiu.LavrinovichED.Sprint3.Task6.V14.csproj", "{B14D1A04-9140-4D7A-89BF-7606397D3790}"
EndProject
Project("{FAE04EC0-301F-11D3-BF4B-00C04F79EFBC}") = "Tyuiu.LavrinovichED.Sprint3.Task6.V14.Lib", "Tyuiu.LavrinovichED.Sprint3.Task6.V14.Lib\Tyuiu.LavrinovichED.Sprint3.Task6.V14.Lib.csproj", "{C9B63F49-5B48-4C2D-A080-5FB8A22DB0FA}"
EndProject
Project("{FAE04EC0-301F-11D3-BF4B-00C04F79EFBC}") = "Tyuiu.LavrinovichED.Sprint3.Task6.V14.Test", "Tyuiu.LavrinovichED.Sprint3.Task6.V14.Test\Tyuiu.LavrinovichED.Sprint3.Task6.V14.Test.csproj", "{824681AE-CC8D-4320-96EA-7507AEA972FF}"
EndProject
Global
	GlobalSection(SolutionConfigurationPlatforms) = preSolution
		Debug|Any CPU = Debug|Any CPU
		Release|Any CPU = Release|Any CPU
	EndGlobalSection
	GlobalSection(ProjectConfigurationPlatforms) = postSolution
		{1B577C7F-339F-4ADE-BBFC-8348C1AECADA}.Debug|Any CPU.ActiveCfg = Debug|Any CPU
		{1B577C7F-339F-4ADE-BBFC-8348C1AECADA}.Debug|Any CPU.Build.0 = Debug|Any CPU
		{1B577C7F-339F-4ADE-BBFC-8348C1AECADA}.Release|Any CPU.ActiveCfg = Release|Any CPU
		{1B577C7F-339F-4ADE-BBFC-8348C1AECADA}.Release|Any CPU.Build.0 = Release|Any CPU
		{1E11B443-15AA-4E36-B0EA-9D8AAE03FA23}.Debug|Any CPU.ActiveCfg = Debug|Any CPU
		{1E11B443-15AA-4E36-B0EA-9D8AAE03FA23}.Debug|Any CPU.Build.0 = Debug|Any CPU
		{1E11B443-15AA-4E36-B0EA-9D8AAE03FA23}.Release|Any CPU.ActiveCfg = Release|Any CPU
		{1E11B443-15AA-4E36-B0EA-9D8AAE03FA23}.Release|Any CPU.Build.0 = Release|Any CPU
		{DA062073-D674-482D-A000-7AE3BDB8F466}.Debug|Any CPU.ActiveCfg = Debug|Any CPU
		{DA062073-D674-482D-A000-7AE3BDB8F466}.Debug|Any CPU.Build.0 = Debug|Any CPU
		{DA062073-D674-482D-A000-7AE3BDB8F466}.Release|Any CPU.ActiveCfg = Release|Any CPU
		{DA062073-D674-482D-A000-7AE3BDB8F466}.Release|Any CPU.Build.0 = Release|Any CPU
		{7147FB79-6C1E-49D1-965E-4EAF8303FCC0}.Debug|Any CPU.ActiveCfg = Debug|Any CPU
		{7147FB79-6C1E-49D1-965E-4EAF8303FCC0}.Debug|Any CPU.Build.0 = Debug|Any CPU
		{7147FB79-6C1E-49D1-965E-4EAF8303FCC0}.Release|Any CPU.ActiveCfg = Release|Any CPU
		{7147FB79-6C1E-49D1-965E-4EAF8303FCC0}.Release|Any CPU.Build.0 = Release|Any CPU
		{519ED4AE-86DD-444F-9540-3D0DF7C25997}.Debug|Any CPU.ActiveCfg = Debug|Any CPU
		{519ED4AE-86DD-444F-9540-3D0DF7C25997}.Debug|Any CPU.Build.0 = Debug|Any CPU
		{519ED4AE-86DD-444F-9540-3D0DF7C25997}.Release|Any CPU.ActiveCfg = Release|Any CPU
		{519ED4AE-86DD-444F-9540-3D0DF7C25997}.Release|Any CPU.Build.0 = Release|Any CPU
		{46F75806-0D86-4440-9527-98FF63997314}.Debug|Any CPU.ActiveCfg = Debug|Any CPU
		{46F75806-0D86-4440-9527-98FF63997314}.Debug|Any CPU.Build.0 = Debug|Any CPU
		{46F75806-0D86-4440-9527-98FF63997314}.Release|Any CPU.ActiveCfg = Release|Any CPU
		{46F75806-0D86-4440-9527-98FF63997314}.Release|Any CPU.Build.0 = Release|Any CPU
		{4C851703-7888-4ED0-9D31-AC63C82C7244}.Debug|Any CPU.ActiveCfg = Debug|Any CPU
		{4C851703-7888-4ED0-9D31-AC63C82C7244}.Debug|Any CPU.Build.0 = Debug|Any CPU
		{4C851703-7888-4ED0-9D31-AC63C82C7244}.Release|Any CPU.ActiveCfg = Release|Any CPU
		{4C851703-7888-4ED0-9D31-AC63C82C7244}.Release|Any CPU.Build.0 = Release|Any CPU
		{4B16AD3A-4FA3-476F-B507-DE448C8DB1FF}.Debug|Any CPU.ActiveCfg = Debug|Any CPU
		{4B16AD3A-4FA3-476F-B507-DE448C8DB1FF}.Debug|Any CPU.Build.0 = Debug|Any CPU
		{4B16AD3A-4FA3-476F-B507-DE448C8DB1FF}.Release|Any CPU.ActiveCfg = Release|Any CPU
		{4B16AD3A-4FA3-476F-B507-DE448C8DB1FF}.Release|Any CPU.Build.0 = Release|Any CPU
		{0CF525BB-AAE6-4324-A211-9B3FF5EAD361}.Debug|Any CPU.ActiveCfg = Debug|Any CPU
		{0CF525BB-AAE6-4324-A211-9B3FF5EAD361}.Debug|Any CPU.Build.0 = Debug|Any CPU
		{0CF525BB-AAE6-4324-A211-9B3FF5EAD361}.Release|Any CPU.ActiveCfg = Release|Any CPU
		{0CF525BB-AAE6-4324-A211-9B3FF5EAD361}.Release|Any CPU.Build.0 = Release|Any CPU
		{5D916D69-20B0-4EFF-8ED5-B591577786AE}.Debug|Any CPU.ActiveCfg = Debug|Any CPU
		{5D916D69-20B0-4EFF-8ED5-B591577786AE}.Debug|Any CPU.Build.0 = Debug|Any CPU
		{5D916D69-20B0-4EFF-8ED5-B591577786AE}.Release|Any CPU.ActiveCfg = Release|Any CPU
		{5D916D69-20B0-4EFF-8ED5-B591577786AE}.Release|Any CPU.Build.0 = Release|Any CPU
		{DB79737D-24B7-4536-84C2-0CB2715A8A26}.Debug|Any CPU.ActiveCfg = Debug|Any CPU
		{DB79737D-24B7-4536-84C2-0CB2715A8A26}.Debug|Any CPU.Build.0 = Debug|Any CPU
		{DB79737D-24B7-4536-84C2-0CB2715A8A26}.Release|Any CPU.ActiveCfg = Release|Any CPU
		{DB79737D-24B7-4536-84C2-0CB2715A8A26}.Release|Any CPU.Build.0 = Release|Any CPU
		{F6CEEABB-9985-4AC3-8C23-3FBBFA6697A2}.Debug|Any CPU.ActiveCfg = Debug|Any CPU
		{F6CEEABB-9985-4AC3-8C23-3FBBFA6697A2}.Debug|Any CPU.Build.0 = Debug|Any CPU
		{F6CEEABB-9985-4AC3-8C23-3FBBFA6697A2}.Release|Any CPU.ActiveCfg = Release|Any CPU
		{F6CEEABB-9985-4AC3-8C23-3FBBFA6697A2}.Release|Any CPU.Build.0 = Release|Any CPU
		{C787BCF4-2C70-41D8-B718-9500C8BB43B3}.Debug|Any CPU.ActiveCfg = Debug|Any CPU
		{C787BCF4-2C70-41D8-B718-9500C8BB43B3}.Debug|Any CPU.Build.0 = Debug|Any CPU
		{C787BCF4-2C70-41D8-B718-9500C8BB43B3}.Release|Any CPU.ActiveCfg = Release|Any CPU
		{C787BCF4-2C70-41D8-B718-9500C8BB43B3}.Release|Any CPU.Build.0 = Release|Any CPU
		{49D6ADC6-F1C0-41C9-BCF4-CD43439AD52D}.Debug|Any CPU.ActiveCfg = Debug|Any CPU
		{49D6ADC6-F1C0-41C9-BCF4-CD43439AD52D}.Debug|Any CPU.Build.0 = Debug|Any CPU
		{49D6ADC6-F1C0-41C9-BCF4-CD43439AD52D}.Release|Any CPU.ActiveCfg = Release|Any CPU
		{49D6ADC6-F1C0-41C9-BCF4-CD43439AD52D}.Release|Any CPU.Build.0 = Release|Any CPU
		{FF631889-7649-4D26-8C76-495D1FB586B6}.Debug|Any CPU.ActiveCfg = Debug|Any CPU
		{FF631889-7649-4D26-8C76-495D1FB586B6}.Debug|Any CPU.Build.0 = Debug|Any CPU
		{FF631889-7649-4D26-8C76-495D1FB586B6}.Release|Any CPU.ActiveCfg = Release|Any CPU
		{FF631889-7649-4D26-8C76-495D1FB586B6}.Release|Any CPU.Build.0 = Release|Any CPU
		{1ABF5D31-C3D0-44D6-B657-917E00BF75A6}.Debug|Any CPU.ActiveCfg = Debug|Any CPU
		{1ABF5D31-C3D0-44D6-B657-917E00BF75A6}.Debug|Any CPU.Build.0 = Debug|Any CPU
		{1ABF5D31-C3D0-44D6-B657-917E00BF75A6}.Release|Any CPU.ActiveCfg = Release|Any CPU
		{1ABF5D31-C3D0-44D6-B657-917E00BF75A6}.Release|Any CPU.Build.0 = Release|Any CPU
		{82CC264D-9D49-47F2-B567-299C53281B3B}.Debug|Any CPU.ActiveCfg = Debug|Any CPU
		{82CC264D-9D49-47F2-B567-299C53281B3B}.Debug|Any CPU.Build.0 = Debug|Any CPU
		{82CC264D-9D49-47F2-B567-299C53281B3B}.Release|Any CPU.ActiveCfg = Release|Any CPU
		{82CC264D-9D49-47F2-B567-299C53281B3B}.Release|Any CPU.Build.0 = Release|Any CPU
		{87CA8504-FC42-429F-AF16-2ECD4C326989}.Debug|Any CPU.ActiveCfg = Debug|Any CPU
		{87CA8504-FC42-429F-AF16-2ECD4C326989}.Debug|Any CPU.Build.0 = Debug|Any CPU
		{87CA8504-FC42-429F-AF16-2ECD4C326989}.Release|Any CPU.ActiveCfg = Release|Any CPU
		{87CA8504-FC42-429F-AF16-2ECD4C326989}.Release|Any CPU.Build.0 = Release|Any CPU
		{B14D1A04-9140-4D7A-89BF-7606397D3790}.Debug|Any CPU.ActiveCfg = Debug|Any CPU
		{B14D1A04-9140-4D7A-89BF-7606397D3790}.Debug|Any CPU.Build.0 = Debug|Any CPU
		{B14D1A04-9140-4D7A-89BF-7606397D3790}.Release|Any CPU.ActiveCfg = Release|Any CPU
		{B14D1A04-9140-4D7A-89BF-7606397D3790}.Release|Any CPU.Build.0 = Release|Any CPU
		{C9B63F49-5B48-4C2D-A080-5FB8A22DB0FA}.Debug|Any CPU.ActiveCfg = Debug|Any CPU
		{C9B63F49-5B48-4C2D-A080-5FB8A22DB0FA}.Debug|Any CPU.Build.0 = Debug|Any CPU
		{C9B63F49-5B48-4C2D-A080-5FB8A22DB0FA}.Release|Any CPU.ActiveCfg = Release|Any CPU
		{C9B63F49-5B48-4C2D-A080-5FB8A22DB0FA}.Release|Any CPU.Build.0 = Release|Any CPU
		{824681AE-CC8D-4320-96EA-7507AEA972FF}.Debug|Any CPU.ActiveCfg = Debug|Any CPU
		{824681AE-CC8D-4320-96EA-7507AEA972FF}.Debug|Any CPU.Build.0 = Debug|Any CPU
		{824681AE-CC8D-4320-96EA-7507AEA972FF}.Release|Any CPU.ActiveCfg = Release|Any CPU
		{824681AE-CC8D-4320-96EA-7507AEA972FF}.Release|Any CPU.Build.0 = Release|Any CPU
	EndGlobalSection
	GlobalSection(SolutionProperties) = preSolution
		HideSolutionNode = FALSE
	EndGlobalSection
	GlobalSection(NestedProjects) = preSolution
		{1B577C7F-339F-4ADE-BBFC-8348C1AECADA} = {7AD38BFC-48AA-4CE1-B1D2-EFA6434FB491}
		{1E11B443-15AA-4E36-B0EA-9D8AAE03FA23} = {7AD38BFC-48AA-4CE1-B1D2-EFA6434FB491}
		{DA062073-D674-482D-A000-7AE3BDB8F466} = {7AD38BFC-48AA-4CE1-B1D2-EFA6434FB491}
		{7147FB79-6C1E-49D1-965E-4EAF8303FCC0} = {12059217-E0EF-4498-B2E6-8E2C7569207A}
		{519ED4AE-86DD-444F-9540-3D0DF7C25997} = {12059217-E0EF-4498-B2E6-8E2C7569207A}
		{46F75806-0D86-4440-9527-98FF63997314} = {12059217-E0EF-4498-B2E6-8E2C7569207A}
		{4C851703-7888-4ED0-9D31-AC63C82C7244} = {BF99DC68-1FEE-4EF1-9CF2-AD2756112FDA}
		{4B16AD3A-4FA3-476F-B507-DE448C8DB1FF} = {BF99DC68-1FEE-4EF1-9CF2-AD2756112FDA}
		{0CF525BB-AAE6-4324-A211-9B3FF5EAD361} = {BF99DC68-1FEE-4EF1-9CF2-AD2756112FDA}
		{5D916D69-20B0-4EFF-8ED5-B591577786AE} = {76B7919D-75F1-4F99-8375-F91AF2E5DCB1}
		{DB79737D-24B7-4536-84C2-0CB2715A8A26} = {76B7919D-75F1-4F99-8375-F91AF2E5DCB1}
		{F6CEEABB-9985-4AC3-8C23-3FBBFA6697A2} = {76B7919D-75F1-4F99-8375-F91AF2E5DCB1}
		{C787BCF4-2C70-41D8-B718-9500C8BB43B3} = {EA6E3A84-2988-4B84-9DD3-3F428B879A99}
		{49D6ADC6-F1C0-41C9-BCF4-CD43439AD52D} = {EA6E3A84-2988-4B84-9DD3-3F428B879A99}
		{FF631889-7649-4D26-8C76-495D1FB586B6} = {EA6E3A84-2988-4B84-9DD3-3F428B879A99}
		{1ABF5D31-C3D0-44D6-B657-917E00BF75A6} = {E4EB93B7-4A84-4EF5-A2C9-AABCD6CA6022}
		{82CC264D-9D49-47F2-B567-299C53281B3B} = {E4EB93B7-4A84-4EF5-A2C9-AABCD6CA6022}
		{87CA8504-FC42-429F-AF16-2ECD4C326989} = {E4EB93B7-4A84-4EF5-A2C9-AABCD6CA6022}
		{B14D1A04-9140-4D7A-89BF-7606397D3790} = {5B9550B2-3EA4-4BB2-B350-0233984CCCB0}
		{C9B63F49-5B48-4C2D-A080-5FB8A22DB0FA} = {5B9550B2-3EA4-4BB2-B350-0233984CCCB0}
		{824681AE-CC8D-4320-96EA-7507AEA972FF} = {5B9550B2-3EA4-4BB2-B350-0233984CCCB0}
	EndGlobalSection
	GlobalSection(ExtensibilityGlobals) = postSolution
		SolutionGuid = {AAE6E9E3-583F-4203-ADB2-545CB94B2583}
	EndGlobalSection
EndGlobal
